Console.WriteLine("Digite o seu nome professor: ");
string nomeProf = Console.ReadLine();
string materiaProf;
while (true)
{
    Console.WriteLine("Lista de matérias");
    Console.WriteLine("(1) Português \n(2) Matemática\n(3) História\n(4) Geografia\n(5) Inglês\n(6) Física\n(7) Química\n(0) Para sair");
    Console.WriteLine("Selecione uma das matérias abaixo que corresponda a sua: ");
    materiaProf = Console.ReadLine();

    switch (materiaProf)
    {
        case "1":
            materiaProf = "Português";
            break;
        case "2":
            materiaProf = "Matemática";
            break;
        case "3":
            materiaProf = "História";
            break;
        case "4":
            materiaProf = "Geografia";
            break;
        case "5":
            materiaProf = "Inglês";
            break;
        case "6":
            materiaProf = "Fisíca";
            break;
        case "7":
            materiaProf = "Química";
            break;
        default:
            Console.WriteLine("Por favor digite o número de uma das matérias pedidas! ");
            continue; // Vai voltar para o inicio do loop sempre que a condição não for satisfeita
    }
    break;
}

List<string> Alunos = new List<string>() { "Amanda", "Bianca", "Carlos", "Daniel", "Ernesto", "Gabriel" };
Console.WriteLine($"Seja muito bem vindo professor {nomeProf} agora vamos colocar as notas dos alunos para calcularmos a média de aprovação!\nEsta é a lista com nome de todos os seus alunos: ");
foreach (string nome in Alunos)
{
    Console.Write($"{nome}\n");
}

string nomeAluno;
bool alunoEncontrado = false;

while (true)
{
    Console.WriteLine("\nDigite o nome do aluno que você deseja colocar as notas: ");
    nomeAluno = Console.ReadLine();

    foreach (string aluno in Alunos)
    {
        if (aluno == nomeAluno)
        {
            alunoEncontrado = true;
            break;
        }
    }
        if (alunoEncontrado)
        {
            break;
        }
    Console.WriteLine("Aluno não encontrado na lista dos seus alunos.");
}
double a1, a2, p1, p2;
Console.WriteLine($"Ótimo o aluno selecionado foi {nomeAluno} agora vamos colocar as notas dele!");
Console.WriteLine("\nLembrando que as notas são divididas pela seguinte fórmula:\nA1+P1+A2+(P2 * 2) / 5");
Console.WriteLine("Digite a nota da A1: ");
double.TryParse(Console.ReadLine(), out double notaA1);
Console.WriteLine("Digite a nota da P1: ");
double.TryParse(Console.ReadLine(), out double notaP1);
Console.WriteLine("Digite a nota da A2: ");
double.TryParse(Console.ReadLine(), out double notaA2);
Console.WriteLine("Digite a nota da P2: ");
double.TryParse(Console.ReadLine(), out double notaP2);

double formula = (notaA1 + notaP1 + notaA2 + (notaP2 * 2)) /5;

if (formula <= 5.9)
{
    Console.WriteLine($"A média final de {nomeAluno} foi de {formula} então terá que fazer a DP na materia de {materiaProf}");
}
else if (formula <= 10)
{
    Console.WriteLine($"A média final de {nomeAluno} foi de {formula} então o aluno foi aprovado na mateira de {materiaProf}");
}
else
{
    Console.WriteLine("Impossível esse else aparecer");
}








